
Microsoft Visual Studio Solution File, Format Version 12.00
# Visual Studio Version 16
VisualStudioVersion = 16.0.29215.179
MinimumVisualStudioVersion = 10.0.40219.1
Project("{FAE04EC0-301F-11D3-BF4B-00C04F79EFBC}") = "MvcAgendaDF", "MvcAgendaDF\MvcAgendaDF.csproj", "{C3C2DD4C-E32A-42F1-B677-0D91C3839D5B}"
EndProject
Global
	GlobalSection(SolutionConfigurationPlatforms) = preSolution
		Debug|Any CPU = Debug|Any CPU
		Release|Any CPU = Release|Any CPU
	EndGlobalSection
	GlobalSection(ProjectConfigurationPlatforms) = postSolution
		{C3C2DD4C-E32A-42F1-B677-0D91C3839D5B}.Debug|Any CPU.ActiveCfg = Debug|Any CPU
		{C3C2DD4C-E32A-42F1-B677-0D91C3839D5B}.Debug|Any CPU.Build.0 = Debug|Any CPU
		{C3C2DD4C-E32A-42F1-B677-0D91C3839D5B}.Release|Any CPU.ActiveCfg = Release|Any CPU
		{C3C2DD4C-E32A-42F1-B677-0D91C3839D5B}.Release|Any CPU.Build.0 = Release|Any CPU
	EndGlobalSection
	GlobalSection(SolutionProperties) = preSolution
		HideSolutionNode = FALSE
	EndGlobalSection
	GlobalSection(ExtensibilityGlobals) = postSolution
		SolutionGuid = {10CC907D-0D50-45E4-A8D3-75440E10F017}
	EndGlobalSection
EndGlobal
